
Microsoft Visual Studio Solution File, Format Version 12.00
# Visual Studio Version 17
VisualStudioVersion = 17.3.32825.248
MinimumVisualStudioVersion = 10.0.40219.1
Project("{9A19103F-16F7-4668-BE54-9A1E7A4F7556}") = "First_ASP", "First_ASP.csproj", "{63C47786-C006-4B9D-B93E-5DB2FBA67BDC}"
EndProject
Project("{2150E333-8FDC-42A3-9474-1A3956D46DE8}") = "Solution Items", "Solution Items", "{37A3B754-8DAA-41B6-99D7-6A1CBD7587FC}"
	ProjectSection(SolutionItems) = preProject
		.editorconfig = .editorconfig
	EndProjectSection
EndProject
Global
	GlobalSection(SolutionConfigurationPlatforms) = preSolution
		Debug|Any CPU = Debug|Any CPU
		Release|Any CPU = Release|Any CPU
	EndGlobalSection
	GlobalSection(ProjectConfigurationPlatforms) = postSolution
		{63C47786-C006-4B9D-B93E-5DB2FBA67BDC}.Debug|Any CPU.ActiveCfg = Debug|Any CPU
		{63C47786-C006-4B9D-B93E-5DB2FBA67BDC}.Debug|Any CPU.Build.0 = Debug|Any CPU
		{63C47786-C006-4B9D-B93E-5DB2FBA67BDC}.Release|Any CPU.ActiveCfg = Release|Any CPU
		{63C47786-C006-4B9D-B93E-5DB2FBA67BDC}.Release|Any CPU.Build.0 = Release|Any CPU
	EndGlobalSection
	GlobalSection(SolutionProperties) = preSolution
		HideSolutionNode = FALSE
	EndGlobalSection
	GlobalSection(ExtensibilityGlobals) = postSolution
		SolutionGuid = {73EB9B4C-7DBA-4525-8D63-BFC46B043C2F}
	EndGlobalSection
EndGlobal
